
Microsoft Visual Studio Solution File, Format Version 12.00
# Visual Studio Version 17
VisualStudioVersion = 17.1.32328.378
MinimumVisualStudioVersion = 10.0.40219.1
Project("{FAE04EC0-301F-11D3-BF4B-00C04F79EFBC}") = "APBD10", "APBD10\APBD10.csproj", "{EA717DCE-19F0-4C2F-B8F4-ADD6382470C3}"
EndProject
Global
	GlobalSection(SolutionConfigurationPlatforms) = preSolution
		Debug|Any CPU = Debug|Any CPU
		Release|Any CPU = Release|Any CPU
	EndGlobalSection
	GlobalSection(ProjectConfigurationPlatforms) = postSolution
		{EA717DCE-19F0-4C2F-B8F4-ADD6382470C3}.Debug|Any CPU.ActiveCfg = Debug|Any CPU
		{EA717DCE-19F0-4C2F-B8F4-ADD6382470C3}.Debug|Any CPU.Build.0 = Debug|Any CPU
		{EA717DCE-19F0-4C2F-B8F4-ADD6382470C3}.Release|Any CPU.ActiveCfg = Release|Any CPU
		{EA717DCE-19F0-4C2F-B8F4-ADD6382470C3}.Release|Any CPU.Build.0 = Release|Any CPU
	EndGlobalSection
	GlobalSection(SolutionProperties) = preSolution
		HideSolutionNode = FALSE
	EndGlobalSection
	GlobalSection(ExtensibilityGlobals) = postSolution
		SolutionGuid = {DB3B5E5A-4974-4DE4-BEA0-5311FD7C2294}
	EndGlobalSection
EndGlobal
